
Microsoft Visual Studio Solution File, Format Version 12.00
# Visual Studio Version 17
VisualStudioVersion = 17.8.34330.188
MinimumVisualStudioVersion = 10.0.40219.1
Project("{FAE04EC0-301F-11D3-BF4B-00C04F79EFBC}") = "WEBAPI_AlexOrrala", "WEBAPI_AlexOrrala\WEBAPI_AlexOrrala.csproj", "{EB8FAF96-24AB-4036-84FD-41377E542052}"
EndProject
Global
	GlobalSection(SolutionConfigurationPlatforms) = preSolution
		Debug|Any CPU = Debug|Any CPU
		Release|Any CPU = Release|Any CPU
	EndGlobalSection
	GlobalSection(ProjectConfigurationPlatforms) = postSolution
		{EB8FAF96-24AB-4036-84FD-41377E542052}.Debug|Any CPU.ActiveCfg = Debug|Any CPU
		{EB8FAF96-24AB-4036-84FD-41377E542052}.Debug|Any CPU.Build.0 = Debug|Any CPU
		{EB8FAF96-24AB-4036-84FD-41377E542052}.Release|Any CPU.ActiveCfg = Release|Any CPU
		{EB8FAF96-24AB-4036-84FD-41377E542052}.Release|Any CPU.Build.0 = Release|Any CPU
	EndGlobalSection
	GlobalSection(SolutionProperties) = preSolution
		HideSolutionNode = FALSE
	EndGlobalSection
	GlobalSection(ExtensibilityGlobals) = postSolution
		SolutionGuid = {88A36653-80A2-4F93-906E-378073A39069}
	EndGlobalSection
EndGlobal
